
Microsoft Visual Studio Solution File, Format Version 11.00
# Visual Studio 2010
Project("{8BC9CEB8-8B4A-11D0-8D11-00A0C91BC942}") = "convPolyIntersect", "convPolyIntersect\convPolyIntersect.vcxproj", "{C98ADFFA-E780-483D-9C20-DA93C83D06EB}"
EndProject
Global
	GlobalSection(SolutionConfigurationPlatforms) = preSolution
		Debug|Win32 = Debug|Win32
		Release|Win32 = Release|Win32
	EndGlobalSection
	GlobalSection(ProjectConfigurationPlatforms) = postSolution
		{C98ADFFA-E780-483D-9C20-DA93C83D06EB}.Debug|Win32.ActiveCfg = Debug|Win32
		{C98ADFFA-E780-483D-9C20-DA93C83D06EB}.Debug|Win32.Build.0 = Debug|Win32
		{C98ADFFA-E780-483D-9C20-DA93C83D06EB}.Release|Win32.ActiveCfg = Release|Win32
		{C98ADFFA-E780-483D-9C20-DA93C83D06EB}.Release|Win32.Build.0 = Release|Win32
	EndGlobalSection
	GlobalSection(SolutionProperties) = preSolution
		HideSolutionNode = FALSE
	EndGlobalSection
EndGlobal
